
Microsoft Visual Studio Solution File, Format Version 12.00
# Visual Studio Version 17
VisualStudioVersion = 17.1.32319.34
MinimumVisualStudioVersion = 10.0.40219.1
Project("{9A19103F-16F7-4668-BE54-9A1E7A4F7556}") = "Gamebook", "Gamebook\Gamebook.csproj", "{56DB4D15-E519-4243-98E9-28A8B9806C91}"
EndProject
Global
	GlobalSection(SolutionConfigurationPlatforms) = preSolution
		Debug|Any CPU = Debug|Any CPU
		Release|Any CPU = Release|Any CPU
	EndGlobalSection
	GlobalSection(ProjectConfigurationPlatforms) = postSolution
		{56DB4D15-E519-4243-98E9-28A8B9806C91}.Debug|Any CPU.ActiveCfg = Debug|Any CPU
		{56DB4D15-E519-4243-98E9-28A8B9806C91}.Debug|Any CPU.Build.0 = Debug|Any CPU
		{56DB4D15-E519-4243-98E9-28A8B9806C91}.Release|Any CPU.ActiveCfg = Release|Any CPU
		{56DB4D15-E519-4243-98E9-28A8B9806C91}.Release|Any CPU.Build.0 = Release|Any CPU
	EndGlobalSection
	GlobalSection(SolutionProperties) = preSolution
		HideSolutionNode = FALSE
	EndGlobalSection
	GlobalSection(ExtensibilityGlobals) = postSolution
		SolutionGuid = {565DBA35-2C0D-4342-8A3F-9E609A9C4808}
	EndGlobalSection
EndGlobal
